
Microsoft Visual Studio Solution File, Format Version 12.00
# Visual Studio Version 17
VisualStudioVersion = 17.14.36518.9 d17.14
MinimumVisualStudioVersion = 10.0.40219.1
Project("{FAE04EC0-301F-11D3-BF4B-00C04F79EFBC}") = "MagicVilla_VillaAPI", "MagicVilla_VillaAPI\MagicVilla_VillaAPI.csproj", "{CEA2C847-D316-436B-A23F-6CE52EACE561}"
EndProject
Global
	GlobalSection(SolutionConfigurationPlatforms) = preSolution
		Debug|Any CPU = Debug|Any CPU
		Release|Any CPU = Release|Any CPU
	EndGlobalSection
	GlobalSection(ProjectConfigurationPlatforms) = postSolution
		{CEA2C847-D316-436B-A23F-6CE52EACE561}.Debug|Any CPU.ActiveCfg = Debug|Any CPU
		{CEA2C847-D316-436B-A23F-6CE52EACE561}.Debug|Any CPU.Build.0 = Debug|Any CPU
		{CEA2C847-D316-436B-A23F-6CE52EACE561}.Release|Any CPU.ActiveCfg = Release|Any CPU
		{CEA2C847-D316-436B-A23F-6CE52EACE561}.Release|Any CPU.Build.0 = Release|Any CPU
	EndGlobalSection
	GlobalSection(SolutionProperties) = preSolution
		HideSolutionNode = FALSE
	EndGlobalSection
	GlobalSection(ExtensibilityGlobals) = postSolution
		SolutionGuid = {A30417AE-BB50-4E48-B0FE-131C47B2CC8F}
	EndGlobalSection
EndGlobal
